// !$*UTF8*$!
{
	archiveVersion = 1;
	classes = {
	};
	objectVersion = 46;
	objects = {

/* Begin PBXBuildFile section */
		C2A9958D1B8C92A700797E44 /* AppDelegate.m in Sources */ = {isa = PBXBuildFile; fileRef = C2A9958C1B8C92A700797E44 /* AppDelegate.m */; };
		C2A9958F1B8C92A700797E44 /* main.m in Sources */ = {isa = PBXBuildFile; fileRef = C2A9958E1B8C92A700797E44 /* main.m */; };
		C2A995911B8C92A700797E44 /* Images.xcassets in Resources */ = {isa = PBXBuildFile; fileRef = C2A995901B8C92A700797E44 /* Images.xcassets */; };
		C2A995941B8C92A700797E44 /* MainMenu.xib in Resources */ = {isa = PBXBuildFile; fileRef = C2A995921B8C92A700797E44 /* MainMenu.xib */; };
		C2A995A01B8C92A700797E44 /* FeaturesTests.m in Sources */ = {isa = PBXBuildFile; fileRef = C2A9959F1B8C92A700797E44 /* FeaturesTests.m */; };
		C2A995AB1B8CA4D500797E44 /* JNClickImageView.m in Sources */ = {isa = PBXBuildFile; fileRef = C2A995AA1B8CA4D500797E44 /* JNClickImageView.m */; };
		C2A995AD1B8CA5CB00797E44 /* QuartzCore.framework in Frameworks */ = {isa = PBXBuildFile; fileRef = C2A995AC1B8CA5CB00797E44 /* QuartzCore.framework */; };
		C2A995B11B8CC65200797E44 /* JNSelectionLayer.m in Sources */ = {isa = PBXBuildFile; fileRef = C2A995B01B8CC65200797E44 /* JNSelectionLayer.m */; };
		C2A995B41B8CCB1900797E44 /* JNClickImageViewWrapperView.m in Sources */ = {isa = PBXBuildFile; fileRef = C2A995B31B8CCB1900797E44 /* JNClickImageViewWrapperView.m */; };
/* End PBXBuildFile section */

/* Begin PBXContainerItemProxy section */
		C2A9959A1B8C92A700797E44 /* PBXContainerItemProxy */ = {
			isa = PBXContainerItemProxy;
			containerPortal = C2A9957E1B8C92A600797E44 /* Project object */;
			proxyType = 1;
			remoteGlobalIDString = C2A995851B8C92A600797E44;
			remoteInfo = Features;
		};
/* End PBXContainerItemProxy section */

/* Begin PBXFileReference section */
		C2A995861B8C92A700797E44 /* Features.app */ = {isa = PBXFileReference; explicitFileType = wrapper.application; includeInIndex = 0; path = Features.app; sourceTree = BUILT_PRODUCTS_DIR; };
		C2A9958A1B8C92A700797E44 /* Info.plist */ = {isa = PBXFileReference; lastKnownFileType = text.plist.xml; path = Info.plist; sourceTree = "<group>"; };
		C2A9958B1B8C92A700797E44 /* AppDelegate.h */ = {isa = PBXFileReference; lastKnownFileType = sourcecode.c.h; path = AppDelegate.h; sourceTree = "<group>"; };
		C2A9958C1B8C92A700797E44 /* AppDelegate.m */ = {isa = PBXFileReference; lastKnownFileType = sourcecode.c.objc; path = AppDelegate.m; sourceTree = "<group>"; };
		C2A9958E1B8C92A700797E44 /* main.m */ = {isa = PBXFileReference; lastKnownFileType = sourcecode.c.objc; path = main.m; sourceTree = "<group>"; };
		C2A995901B8C92A700797E44 /* Images.xcassets */ = {isa = PBXFileReference; lastKnownFileType = folder.assetcatalog; path = Images.xcassets; sourceTree = "<group>"; };
		C2A995931B8C92A700797E44 /* Base */ = {isa = PBXFileReference; lastKnownFileType = file.xib; name = Base; path = Base.lproj/MainMenu.xib; sourceTree = "<group>"; };
		C2A995991B8C92A700797E44 /* FeaturesTests.xctest */ = {isa = PBXFileReference; explicitFileType = wrapper.cfbundle; includeInIndex = 0; path = FeaturesTests.xctest; sourceTree = BUILT_PRODUCTS_DIR; };
		C2A9959E1B8C92A700797E44 /* Info.plist */ = {isa = PBXFileReference; lastKnownFileType = text.plist.xml; path = Info.plist; sourceTree = "<group>"; };
		C2A9959F1B8C92A700797E44 /* FeaturesTests.m */ = {isa = PBXFileReference; lastKnownFileType = sourcecode.c.objc; path = FeaturesTests.m; sourceTree = "<group>"; };
		C2A995A91B8CA4D500797E44 /* JNClickImageView.h */ = {isa = PBXFileReference; fileEncoding = 4; lastKnownFileType = sourcecode.c.h; path = JNClickImageView.h; sourceTree = "<group>"; };
		C2A995AA1B8CA4D500797E44 /* JNClickImageView.m */ = {isa = PBXFileReference; fileEncoding = 4; lastKnownFileType = sourcecode.c.objc; path = JNClickImageView.m; sourceTree = "<group>"; };
		C2A995AC1B8CA5CB00797E44 /* QuartzCore.framework */ = {isa = PBXFileReference; lastKnownFileType = wrapper.framework; name = QuartzCore.framework; path = System/Library/Frameworks/QuartzCore.framework; sourceTree = SDKROOT; };
		C2A995AE1B8CC0E800797E44 /* JNClickImageViewDelegate.h */ = {isa = PBXFileReference; lastKnownFileType = sourcecode.c.h; path = JNClickImageViewDelegate.h; sourceTree = "<group>"; };
		C2A995AF1B8CC65200797E44 /* JNSelectionLayer.h */ = {isa = PBXFileReference; fileEncoding = 4; lastKnownFileType = sourcecode.c.h; path = JNSelectionLayer.h; sourceTree = "<group>"; };
		C2A995B01B8CC65200797E44 /* JNSelectionLayer.m */ = {isa = PBXFileReference; fileEncoding = 4; lastKnownFileType = sourcecode.c.objc; path = JNSelectionLayer.m; sourceTree = "<group>"; };
		C2A995B21B8CCB1900797E44 /* JNClickImageViewWrapperView.h */ = {isa = PBXFileReference; fileEncoding = 4; lastKnownFileType = sourcecode.c.h; path = JNClickImageViewWrapperView.h; sourceTree = "<group>"; };
		C2A995B31B8CCB1900797E44 /* JNClickImageViewWrapperView.m */ = {isa = PBXFileReference; fileEncoding = 4; lastKnownFileType = sourcecode.c.objc; path = JNClickImageViewWrapperView.m; sourceTree = "<group>"; };
/* End PBXFileReference section */

/* Begin PBXFrameworksBuildPhase section */
		C2A995831B8C92A600797E44 /* Frameworks */ = {
			isa = PBXFrameworksBuildPhase;
			buildActionMask = 2147483647;
			files = (
			);
			runOnlyForDeploymentPostprocessing = 0;
		};
		C2A995961B8C92A700797E44 /* Frameworks */ = {
			isa = PBXFrameworksBuildPhase;
			buildActionMask = 2147483647;
			files = (
				C2A995AD1B8CA5CB00797E44 /* QuartzCore.framework in Frameworks */,
			);
			runOnlyForDeploymentPostprocessing = 0;
		};
/* End PBXFrameworksBuildPhase section */

/* Begin PBXGroup section */
		C2A9957D1B8C92A600797E44 = {
			isa = PBXGroup;
			children = (
				C2A995AC1B8CA5CB00797E44 /* QuartzCore.framework */,
				C2A995881B8C92A700797E44 /* Features */,
				C2A9959C1B8C92A700797E44 /* FeaturesTests */,
				C2A995871B8C92A700797E44 /* Products */,
			);
			sourceTree = "<group>";
		};
		C2A995871B8C92A700797E44 /* Products */ = {
			isa = PBXGroup;
			children = (
				C2A995861B8C92A700797E44 /* Features.app */,
				C2A995991B8C92A700797E44 /* FeaturesTests.xctest */,
			);
			name = Products;
			sourceTree = "<group>";
		};
		C2A995881B8C92A700797E44 /* Features */ = {
			isa = PBXGroup;
			children = (
				C2A995AF1B8CC65200797E44 /* JNSelectionLayer.h */,
				C2A995B01B8CC65200797E44 /* JNSelectionLayer.m */,
				C2A9958B1B8C92A700797E44 /* AppDelegate.h */,
				C2A9958C1B8C92A700797E44 /* AppDelegate.m */,
				C2A995AE1B8CC0E800797E44 /* JNClickImageViewDelegate.h */,
				C2A995A91B8CA4D500797E44 /* JNClickImageView.h */,
				C2A995AA1B8CA4D500797E44 /* JNClickImageView.m */,
				C2A995B21B8CCB1900797E44 /* JNClickImageViewWrapperView.h */,
				C2A995B31B8CCB1900797E44 /* JNClickImageViewWrapperView.m */,
				C2A995901B8C92A700797E44 /* Images.xcassets */,
				C2A995921B8C92A700797E44 /* MainMenu.xib */,
				C2A995891B8C92A700797E44 /* Supporting Files */,
			);
			path = Features;
			sourceTree = "<group>";
		};
		C2A995891B8C92A700797E44 /* Supporting Files */ = {
			isa = PBXGroup;
			children = (
				C2A9958A1B8C92A700797E44 /* Info.plist */,
				C2A9958E1B8C92A700797E44 /* main.m */,
			);
			name = "Supporting Files";
			sourceTree = "<group>";
		};
		C2A9959C1B8C92A700797E44 /* FeaturesTests */ = {
			isa = PBXGroup;
			children = (
				C2A9959F1B8C92A700797E44 /* FeaturesTests.m */,
				C2A9959D1B8C92A700797E44 /* Supporting Files */,
			);
			path = FeaturesTests;
			sourceTree = "<group>";
		};
		C2A9959D1B8C92A700797E44 /* Supporting Files */ = {
			isa = PBXGroup;
			children = (
				C2A9959E1B8C92A700797E44 /* Info.plist */,
			);
			name = "Supporting Files";
			sourceTree = "<group>";
		};
/* End PBXGroup section */

/* Begin PBXNativeTarget section */
		C2A995851B8C92A600797E44 /* Features */ = {
			isa = PBXNativeTarget;
			buildConfigurationList = C2A995A31B8C92A700797E44 /* Build configuration list for PBXNativeTarget "Features" */;
			buildPhases = (
				C2A995821B8C92A600797E44 /* Sources */,
				C2A995831B8C92A600797E44 /* Frameworks */,
				C2A995841B8C92A600797E44 /* Resources */,
			);
			buildRules = (
			);
			dependencies = (
			);
			name = Features;
			productName = Features;
			productReference = C2A995861B8C92A700797E44 /* Features.app */;
			productType = "com.apple.product-type.application";
		};
		C2A995981B8C92A700797E44 /* FeaturesTests */ = {
			isa = PBXNativeTarget;
			buildConfigurationList = C2A995A61B8C92A700797E44 /* Build configuration list for PBXNativeTarget "FeaturesTests" */;
			buildPhases = (
				C2A995951B8C92A700797E44 /* Sources */,
				C2A995961B8C92A700797E44 /* Frameworks */,
				C2A995971B8C92A700797E44 /* Resources */,
			);
			buildRules = (
			);
			dependencies = (
				C2A9959B1B8C92A700797E44 /* PBXTargetDependency */,
			);
			name = FeaturesTests;
			productName = FeaturesTests;
			productReference = C2A995991B8C92A700797E44 /* FeaturesTests.xctest */;
			productType = "com.apple.product-type.bundle.unit-test";
		};
/* End PBXNativeTarget section */

/* Begin PBXProject section */
		C2A9957E1B8C92A600797E44 /* Project object */ = {
			isa = PBXProject;
			attributes = {
				LastUpgradeCheck = 0640;
				ORGANIZATIONNAME = "Jakub Nabaglo";
				TargetAttributes = {
					C2A995851B8C92A600797E44 = {
						CreatedOnToolsVersion = 6.4;
					};
					C2A995981B8C92A700797E44 = {
						CreatedOnToolsVersion = 6.4;
						TestTargetID = C2A995851B8C92A600797E44;
					};
				};
			};
			buildConfigurationList = C2A995811B8C92A600797E44 /* Build configuration list for PBXProject "Features" */;
			compatibilityVersion = "Xcode 3.2";
			developmentRegion = English;
			hasScannedForEncodings = 0;
			knownRegions = (
				en,
				Base,
			);
			mainGroup = C2A9957D1B8C92A600797E44;
			productRefGroup = C2A995871B8C92A700797E44 /* Products */;
			projectDirPath = "";
			projectRoot = "";
			targets = (
				C2A995851B8C92A600797E44 /* Features */,
				C2A995981B8C92A700797E44 /* FeaturesTests */,
			);
		};
/* End PBXProject section */

/* Begin PBXResourcesBuildPhase section */
		C2A995841B8C92A600797E44 /* Resources */ = {
			isa = PBXResourcesBuildPhase;
			buildActionMask = 2147483647;
			files = (
				C2A995911B8C92A700797E44 /* Images.xcassets in Resources */,
				C2A995941B8C92A700797E44 /* MainMenu.xib in Resources */,
			);
			runOnlyForDeploymentPostprocessing = 0;
		};
		C2A995971B8C92A700797E44 /* Resources */ = {
			isa = PBXResourcesBuildPhase;
			buildActionMask = 2147483647;
			files = (
			);
			runOnlyForDeploymentPostprocessing = 0;
		};
/* End PBXResourcesBuildPhase section */

/* Begin PBXSourcesBuildPhase section */
		C2A995821B8C92A600797E44 /* Sources */ = {
			isa = PBXSourcesBuildPhase;
			buildActionMask = 2147483647;
			files = (
				C2A995B41B8CCB1900797E44 /* JNClickImageViewWrapperView.m in Sources */,
				C2A995B11B8CC65200797E44 /* JNSelectionLayer.m in Sources */,
				C2A9958F1B8C92A700797E44 /* main.m in Sources */,
				C2A995AB1B8CA4D500797E44 /* JNClickImageView.m in Sources */,
				C2A9958D1B8C92A700797E44 /* AppDelegate.m in Sources */,
			);
			runOnlyForDeploymentPostprocessing = 0;
		};
		C2A995951B8C92A700797E44 /* Sources */ = {
			isa = PBXSourcesBuildPhase;
			buildActionMask = 2147483647;
			files = (
				C2A995A01B8C92A700797E44 /* FeaturesTests.m in Sources */,
			);
			runOnlyForDeploymentPostprocessing = 0;
		};
/* End PBXSourcesBuildPhase section */

/* Begin PBXTargetDependency section */
		C2A9959B1B8C92A700797E44 /* PBXTargetDependency */ = {
			isa = PBXTargetDependency;
			target = C2A995851B8C92A600797E44 /* Features */;
			targetProxy = C2A9959A1B8C92A700797E44 /* PBXContainerItemProxy */;
		};
/* End PBXTargetDependency section */

/* Begin PBXVariantGroup section */
		C2A995921B8C92A700797E44 /* MainMenu.xib */ = {
			isa = PBXVariantGroup;
			children = (
				C2A995931B8C92A700797E44 /* Base */,
			);
			name = MainMenu.xib;
			sourceTree = "<group>";
		};
/* End PBXVariantGroup section */

/* Begin XCBuildConfiguration section */
		C2A995A11B8C92A700797E44 /* Debug */ = {
			isa = XCBuildConfiguration;
			buildSettings = {
				ALWAYS_SEARCH_USER_PATHS = NO;
				CLANG_CXX_LANGUAGE_STANDARD = "gnu++0x";
				CLANG_CXX_LIBRARY = "libc++";
				CLANG_ENABLE_MODULES = YES;
				CLANG_ENABLE_OBJC_ARC = YES;
				CLANG_WARN_BOOL_CONVERSION = YES;
				CLANG_WARN_CONSTANT_CONVERSION = YES;
				CLANG_WARN_DIRECT_OBJC_ISA_USAGE = YES_ERROR;
				CLANG_WARN_EMPTY_BODY = YES;
				CLANG_WARN_ENUM_CONVERSION = YES;
				CLANG_WARN_INT_CONVERSION = YES;
				CLANG_WARN_OBJC_ROOT_CLASS = YES_ERROR;
				CLANG_WARN_UNREACHABLE_CODE = YES;
				CLANG_WARN__DUPLICATE_METHOD_MATCH = YES;
				CODE_SIGN_IDENTITY = "-";
				COPY_PHASE_STRIP = NO;
				DEBUG_INFORMATION_FORMAT = dwarf;
				ENABLE_STRICT_OBJC_MSGSEND = YES;
				GCC_C_LANGUAGE_STANDARD = gnu99;
				GCC_DYNAMIC_NO_PIC = NO;
				GCC_NO_COMMON_BLOCKS = YES;
				GCC_OPTIMIZATION_LEVEL = 3;
				GCC_PREPROCESSOR_DEFINITIONS = (
					"DEBUG=1",
					"$(inherited)",
				);
				GCC_SYMBOLS_PRIVATE_EXTERN = NO;
				GCC_WARN_64_TO_32_BIT_CONVERSION = YES;
				GCC_WARN_ABOUT_RETURN_TYPE = YES_ERROR;
				GCC_WARN_UNDECLARED_SELECTOR = YES;
				GCC_WARN_UNINITIALIZED_AUTOS = YES_AGGRESSIVE;
				GCC_WARN_UNUSED_FUNCTION = YES;
				GCC_WARN_UNUSED_VARIABLE = YES;
				MACOSX_DEPLOYMENT_TARGET = 10.10;
				MTL_ENABLE_DEBUG_INFO = YES;
				ONLY_ACTIVE_ARCH = NO;
				SDKROOT = macosx;
			};
			name = Debug;
		};
		C2A995A21B8C92A700797E44 /* Release */ = {
			isa = XCBuildConfiguration;
			buildSettings = {
				ALWAYS_SEARCH_USER_PATHS = NO;
				CLANG_CXX_LANGUAGE_STANDARD = "gnu++0x";
				CLANG_CXX_LIBRARY = "libc++";
				CLANG_ENABLE_MODULES = YES;
				CLANG_ENABLE_OBJC_ARC = YES;
				CLANG_WARN_BOOL_CONVERSION = YES;
				CLANG_WARN_CONSTANT_CONVERSION = YES;
				CLANG_WARN_DIRECT_OBJC_ISA_USAGE = YES_ERROR;
				CLANG_WARN_EMPTY_BODY = YES;
				CLANG_WARN_ENUM_CONVERSION = YES;
				CLANG_WARN_INT_CONVERSION = YES;
				CLANG_WARN_OBJC_ROOT_CLASS = YES_ERROR;
				CLANG_WARN_UNREACHABLE_CODE = YES;
				CLANG_WARN__DUPLICATE_METHOD_MATCH = YES;
				CODE_SIGN_IDENTITY = "-";
				COPY_PHASE_STRIP = NO;
				DEBUG_INFORMATION_FORMAT = "dwarf-with-dsym";
				ENABLE_NS_ASSERTIONS = NO;
				ENABLE_STRICT_OBJC_MSGSEND = YES;
				GCC_C_LANGUAGE_STANDARD = gnu99;
				GCC_NO_COMMON_BLOCKS = YES;
				GCC_WARN_64_TO_32_BIT_CONVERSION = YES;
				GCC_WARN_ABOUT_RETURN_TYPE = YES_ERROR;
				GCC_WARN_UNDECLARED_SELECTOR = YES;
				GCC_WARN_UNINITIALIZED_AUTOS = YES_AGGRESSIVE;
				GCC_WARN_UNUSED_FUNCTION = YES;
				GCC_WARN_UNUSED_VARIABLE = YES;
				MACOSX_DEPLOYMENT_TARGET = 10.10;
				MTL_ENABLE_DEBUG_INFO = NO;
				SDKROOT = macosx;
			};
			name = Release;
		};
		C2A995A41B8C92A700797E44 /* Debug */ = {
			isa = XCBuildConfiguration;
			buildSettings = {
				ASSETCATALOG_COMPILER_APPICON_NAME = AppIcon;
				COMBINE_HIDPI_IMAGES = YES;
				INFOPLIST_FILE = Features/Info.plist;
				LD_RUNPATH_SEARCH_PATHS = "$(inherited) @executable_path/../Frameworks";
				PRODUCT_NAME = "$(TARGET_NAME)";
			};
			name = Debug;
		};
		C2A995A51B8C92A700797E44 /* Release */ = {
			isa = XCBuildConfiguration;
			buildSettings = {
				ASSETCATALOG_COMPILER_APPICON_NAME = AppIcon;
				COMBINE_HIDPI_IMAGES = YES;
				INFOPLIST_FILE = Features/Info.plist;
				LD_RUNPATH_SEARCH_PATHS = "$(inherited) @executable_path/../Frameworks";
				PRODUCT_NAME = "$(TARGET_NAME)";
			};
			name = Release;
		};
		C2A995A71B8C92A700797E44 /* Debug */ = {
			isa = XCBuildConfiguration;
			buildSettings = {
				BUNDLE_LOADER = "$(TEST_HOST)";
				COMBINE_HIDPI_IMAGES = YES;
				FRAMEWORK_SEARCH_PATHS = (
					"$(DEVELOPER_FRAMEWORKS_DIR)",
					"$(inherited)",
				);
				GCC_PREPROCESSOR_DEFINITIONS = (
					"DEBUG=1",
					"$(inherited)",
				);
				INFOPLIST_FILE = FeaturesTests/Info.plist;
				LD_RUNPATH_SEARCH_PATHS = "$(inherited) @executable_path/../Frameworks @loader_path/../Frameworks";
				MACOSX_DEPLOYMENT_TARGET = 10.10;
				PRODUCT_NAME = "$(TARGET_NAME)";
				TEST_HOST = "$(BUILT_PRODUCTS_DIR)/Features.app/Contents/MacOS/Features";
			};
			name = Debug;
		};
		C2A995A81B8C92A700797E44 /* Release */ = {
			isa = XCBuildConfiguration;
			buildSettings = {
				BUNDLE_LOADER = "$(TEST_HOST)";
				COMBINE_HIDPI_IMAGES = YES;
				FRAMEWORK_SEARCH_PATHS = (
					"$(DEVELOPER_FRAMEWORKS_DIR)",
					"$(inherited)",
				);
				INFOPLIST_FILE = FeaturesTests/Info.plist;
				LD_RUNPATH_SEARCH_PATHS = "$(inherited) @executable_path/../Frameworks @loader_path/../Frameworks";
				MACOSX_DEPLOYMENT_TARGET = 10.10;
				PRODUCT_NAME = "$(TARGET_NAME)";
				TEST_HOST = "$(BUILT_PRODUCTS_DIR)/Features.app/Contents/MacOS/Features";
			};
			name = Release;
		};
/* End XCBuildConfiguration section */

/* Begin XCConfigurationList section */
		C2A995811B8C92A600797E44 /* Build configuration list for PBXProject "Features" */ = {
			isa = XCConfigurationList;
			buildConfigurations = (
				C2A995A11B8C92A700797E44 /* Debug */,
				C2A995A21B8C92A700797E44 /* Release */,
			);
			defaultConfigurationIsVisible = 0;
			defaultConfigurationName = Release;
		};
		C2A995A31B8C92A700797E44 /* Build configuration list for PBXNativeTarget "Features" */ = {
			isa = XCConfigurationList;
			buildConfigurations = (
				C2A995A41B8C92A700797E44 /* Debug */,
				C2A995A51B8C92A700797E44 /* Release */,
			);
			defaultConfigurationIsVisible = 0;
			defaultConfigurationName = Release;
		};
		C2A995A61B8C92A700797E44 /* Build configuration list for PBXNativeTarget "FeaturesTests" */ = {
			isa = XCConfigurationList;
			buildConfigurations = (
				C2A995A71B8C92A700797E44 /* Debug */,
				C2A995A81B8C92A700797E44 /* Release */,
			);
			defaultConfigurationIsVisible = 0;
			defaultConfigurationName = Release;
		};
/* End XCConfigurationList section */
	};
	rootObject = C2A9957E1B8C92A600797E44 /* Project object */;
}
